// !$*UTF8*$!
{
	archiveVersion = 1;
	classes = {
	};
	objectVersion = 56;
	objects = {

/* Begin PBXBuildFile section */
		AA01000000000001 /* NetflixMacApp.swift in Sources */ = {isa = PBXBuildFile; fileRef = AF01000000000001 /* NetflixMacApp.swift */; };
		AA01000000000002 /* AppDelegate.swift in Sources */ = {isa = PBXBuildFile; fileRef = AF01000000000002 /* AppDelegate.swift */; };
		AA0100000000000B /* Color+Netflix.swift in Sources */ = {isa = PBXBuildFile; fileRef = AF0100000000000B /* Color+Netflix.swift */; };
		AA0100000000000C /* View+LiquidGlass.swift in Sources */ = {isa = PBXBuildFile; fileRef = AF0100000000000C /* View+LiquidGlass.swift */; };
		AA01000000000028 /* NetflixWebView.swift in Sources */ = {isa = PBXBuildFile; fileRef = AF01000000000028 /* NetflixWebView.swift */; };
		AA01000000000029 /* NetflixWebViewContainer.swift in Sources */ = {isa = PBXBuildFile; fileRef = AF01000000000029 /* NetflixWebViewContainer.swift */; };
		AA01000000000030 /* LiquidGlassPill.swift in Sources */ = {isa = PBXBuildFile; fileRef = AF01000000000030 /* LiquidGlassPill.swift */; };
		AA0100000000001E /* SettingsView.swift in Sources */ = {isa = PBXBuildFile; fileRef = AF0100000000001E /* SettingsView.swift */; };
		AA010000000000A1 /* UpdateManager.swift in Sources */ = {isa = PBXBuildFile; fileRef = AF010000000000A1 /* UpdateManager.swift */; };
		AA010000000000A2 /* UpdateSheetView.swift in Sources */ = {isa = PBXBuildFile; fileRef = AF010000000000A2 /* UpdateSheetView.swift */; };
		AA010000000000B1 /* QualityLevel.swift in Sources */ = {isa = PBXBuildFile; fileRef = AF010000000000B1 /* QualityLevel.swift */; };
		AA01000000000025 /* Assets.xcassets in Resources */ = {isa = PBXBuildFile; fileRef = AF01000000000025 /* Assets.xcassets */; };
/* End PBXBuildFile section */

/* Begin PBXFileReference section */
		AF01000000000001 /* NetflixMacApp.swift */ = {isa = PBXFileReference; lastKnownFileType = sourcecode.swift; path = NetflixMacApp.swift; sourceTree = "<group>"; };
		AF01000000000002 /* AppDelegate.swift */ = {isa = PBXFileReference; lastKnownFileType = sourcecode.swift; path = AppDelegate.swift; sourceTree = "<group>"; };
		AF0100000000000B /* Color+Netflix.swift */ = {isa = PBXFileReference; lastKnownFileType = sourcecode.swift; path = "Color+Netflix.swift"; sourceTree = "<group>"; };
		AF0100000000000C /* View+LiquidGlass.swift */ = {isa = PBXFileReference; lastKnownFileType = sourcecode.swift; path = "View+LiquidGlass.swift"; sourceTree = "<group>"; };
		AF01000000000028 /* NetflixWebView.swift */ = {isa = PBXFileReference; lastKnownFileType = sourcecode.swift; path = NetflixWebView.swift; sourceTree = "<group>"; };
		AF01000000000029 /* NetflixWebViewContainer.swift */ = {isa = PBXFileReference; lastKnownFileType = sourcecode.swift; path = NetflixWebViewContainer.swift; sourceTree = "<group>"; };
		AF01000000000030 /* LiquidGlassPill.swift */ = {isa = PBXFileReference; lastKnownFileType = sourcecode.swift; path = LiquidGlassPill.swift; sourceTree = "<group>"; };
		AF0100000000001E /* SettingsView.swift */ = {isa = PBXFileReference; lastKnownFileType = sourcecode.swift; path = SettingsView.swift; sourceTree = "<group>"; };
		AF010000000000A1 /* UpdateManager.swift */ = {isa = PBXFileReference; lastKnownFileType = sourcecode.swift; path = UpdateManager.swift; sourceTree = "<group>"; };
		AF010000000000A2 /* UpdateSheetView.swift */ = {isa = PBXFileReference; lastKnownFileType = sourcecode.swift; path = UpdateSheetView.swift; sourceTree = "<group>"; };
		AF010000000000B1 /* QualityLevel.swift */ = {isa = PBXFileReference; lastKnownFileType = sourcecode.swift; path = QualityLevel.swift; sourceTree = "<group>"; };
		AF01000000000025 /* Assets.xcassets */ = {isa = PBXFileReference; lastKnownFileType = folder.assetcatalog; path = Assets.xcassets; sourceTree = "<group>"; };
		AF01000000000026 /* Info.plist */ = {isa = PBXFileReference; lastKnownFileType = text.plist.xml; path = Info.plist; sourceTree = "<group>"; };
		CC000000000000001 /* Netflix.app */ = {isa = PBXFileReference; explicitFileType = wrapper.application; includeInIndex = 0; path = Netflix.app; sourceTree = BUILT_PRODUCTS_DIR; };
/* End PBXFileReference section */

/* Begin PBXGroup section */
		FF000000000000001 /* NetflixMac */ = {
			isa = PBXGroup;
			children = (
				FF000000000000003 /* App */,
				FF000000000000004 /* Core */,
				FF000000000000009 /* Features */,
				FF00000000000001E /* Shared */,
				FF000000000000021 /* Resources */,
			);
			path = NetflixMac;
			sourceTree = "<group>";
		};
		FF000000000000002 /* Products */ = {
			isa = PBXGroup;
			children = (
				CC000000000000001 /* Netflix.app */,
			);
			name = Products;
			sourceTree = "<group>";
		};
		FF000000000000003 /* App */ = {
			isa = PBXGroup;
			children = (
				AF01000000000001 /* NetflixMacApp.swift */,
				AF01000000000002 /* AppDelegate.swift */,
			);
			path = App;
			sourceTree = "<group>";
		};
		FF000000000000004 /* Core */ = {
			isa = PBXGroup;
			children = (
				AF010000000000A1 /* UpdateManager.swift */,
				AF010000000000B1 /* QualityLevel.swift */,
				FF000000000000008 /* Extensions */,
			);
			path = Core;
			sourceTree = "<group>";
		};
		FF000000000000008 /* Extensions */ = {
			isa = PBXGroup;
			children = (
				AF0100000000000B /* Color+Netflix.swift */,
				AF0100000000000C /* View+LiquidGlass.swift */,
			);
			path = Extensions;
			sourceTree = "<group>";
		};
		FF000000000000009 /* Features */ = {
			isa = PBXGroup;
			children = (
				FF00000000000000D /* Home */,
				FF000000000000022 /* Settings */,
			);
			path = Features;
			sourceTree = "<group>";
		};
		FF00000000000000D /* Home */ = {
			isa = PBXGroup;
			children = (
				FF00000000000000E /* Views */,
			);
			path = Home;
			sourceTree = "<group>";
		};
		FF00000000000000E /* Views */ = {
			isa = PBXGroup;
			children = (
				AF01000000000029 /* NetflixWebViewContainer.swift */,
				AF01000000000030 /* LiquidGlassPill.swift */,
				AF010000000000A2 /* UpdateSheetView.swift */,
			);
			path = Views;
			sourceTree = "<group>";
		};
		FF000000000000022 /* Settings */ = {
			isa = PBXGroup;
			children = (
				FF000000000000023 /* Views */,
			);
			path = Settings;
			sourceTree = "<group>";
		};
		FF000000000000023 /* Views */ = {
			isa = PBXGroup;
			children = (
				AF0100000000001E /* SettingsView.swift */,
			);
			path = Views;
			sourceTree = "<group>";
		};
		FF00000000000001E /* Shared */ = {
			isa = PBXGroup;
			children = (
				FF00000000000001D /* Components */,
			);
			path = Shared;
			sourceTree = "<group>";
		};
		FF00000000000001D /* Components */ = {
			isa = PBXGroup;
			children = (
				AF01000000000028 /* NetflixWebView.swift */,
			);
			path = Components;
			sourceTree = "<group>";
		};
		FF000000000000021 /* Resources */ = {
			isa = PBXGroup;
			children = (
				AF01000000000025 /* Assets.xcassets */,
				AF01000000000026 /* Info.plist */,
			);
			path = Resources;
			sourceTree = "<group>";
		};
/* End PBXGroup section */

/* Begin PBXNativeTarget section */
		DD000000000000001 /* Netflix */ = {
			isa = PBXNativeTarget;
			buildConfigurationList = EE000000000000003 /* Build configuration list for PBXNativeTarget "Netflix" */;
			buildPhases = (
				CC000000000000002 /* Sources */,
				CC000000000000003 /* Resources */,
				CC000000000000004 /* Frameworks */,
			);
			buildRules = (
			);
			dependencies = (
			);
			name = Netflix;
			productName = Netflix;
			productReference = CC000000000000001 /* Netflix.app */;
			productType = "com.apple.product-type.application";
		};
/* End PBXNativeTarget section */

/* Begin PBXProject section */
		EE000000000000001 /* Project object */ = {
			isa = PBXProject;
			attributes = {
				BuildIndependentTargetsInParallel = 1;
				LastSwiftUpdateCheck = 1500;
				LastUpgradeCheck = 1500;
				TargetAttributes = {
					DD000000000000001 = {
						CreatedOnToolsVersion = 15.0;
					};
				};
			};
			buildConfigurationList = EE000000000000002 /* Build configuration list for PBXProject "Netflix" */;
			compatibilityVersion = "Xcode 14.0";
			developmentRegion = en;
			hasScannedForEncodings = 0;
			knownRegions = (
				en,
				Base,
			);
			mainGroup = FF000000000000000;
			productRefGroup = FF000000000000002 /* Products */;
			projectDirPath = "";
			projectRoot = "";
			targets = (
				DD000000000000001 /* Netflix */,
			);
		};
/* End PBXProject section */

/* Begin PBXGroup root */
		FF000000000000000 = {
			isa = PBXGroup;
			children = (
				FF000000000000001 /* NetflixMac */,
				FF000000000000002 /* Products */,
			);
			sourceTree = "<group>";
		};
/* End PBXGroup root */

/* Begin PBXSourcesBuildPhase section */
		CC000000000000002 /* Sources */ = {
			isa = PBXSourcesBuildPhase;
			buildActionMask = 2147483647;
			files = (
				AA01000000000001 /* NetflixMacApp.swift in Sources */,
				AA01000000000002 /* AppDelegate.swift in Sources */,
				AA0100000000000B /* Color+Netflix.swift in Sources */,
				AA0100000000000C /* View+LiquidGlass.swift in Sources */,
				AA01000000000028 /* NetflixWebView.swift in Sources */,
				AA01000000000029 /* NetflixWebViewContainer.swift in Sources */,
				AA01000000000030 /* LiquidGlassPill.swift in Sources */,
				AA0100000000001E /* SettingsView.swift in Sources */,
				AA010000000000A1 /* UpdateManager.swift in Sources */,
				AA010000000000A2 /* UpdateSheetView.swift in Sources */,
				AA010000000000B1 /* QualityLevel.swift in Sources */,
			);
			runOnlyForDeploymentPostprocessing = 0;
		};
/* End PBXSourcesBuildPhase section */

/* Begin PBXResourcesBuildPhase section */
		CC000000000000003 /* Resources */ = {
			isa = PBXResourcesBuildPhase;
			buildActionMask = 2147483647;
			files = (
				AA01000000000025 /* Assets.xcassets in Resources */,
			);
			runOnlyForDeploymentPostprocessing = 0;
		};
/* End PBXResourcesBuildPhase section */

/* Begin PBXFrameworksBuildPhase section */
		CC000000000000004 /* Frameworks */ = {
			isa = PBXFrameworksBuildPhase;
			buildActionMask = 2147483647;
			files = (
			);
			runOnlyForDeploymentPostprocessing = 0;
		};
/* End PBXFrameworksBuildPhase section */

/* Begin XCBuildConfiguration section */
		DD000000000000002 /* Debug */ = {
			isa = XCBuildConfiguration;
			buildSettings = {
				ALWAYS_SEARCH_USER_PATHS = NO;
				CLANG_ANALYZER_NONNULL = YES;
				CLANG_ANALYZER_NUMBER_OBJECT_CONVERSION = YES_AGGRESSIVE;
				CLANG_CXX_LANGUAGE_STANDARD = "gnu++20";
				CLANG_ENABLE_MODULES = YES;
				CLANG_ENABLE_OBJC_ARC = YES;
				CLANG_ENABLE_OBJC_WEAK = YES;
				CLANG_WARN_BLOCK_CAPTURE_AUTORELEASING = YES;
				CLANG_WARN_BOOL_CONVERSION = YES;
				CLANG_WARN_COMMA = YES;
				CLANG_WARN_CONSTANT_CONVERSION = YES;
				CLANG_WARN_DEPRECATED_OBJC_IMPLEMENTATIONS = YES;
				CLANG_WARN_DIRECT_OBJC_ISA_USAGE = YES_ERROR;
				CLANG_WARN_DOCUMENTATION_COMMENTS = YES;
				CLANG_WARN_EMPTY_BODY = YES;
				CLANG_WARN_ENUM_CONVERSION = YES;
				CLANG_WARN_INFINITE_RECURSION = YES;
				CLANG_WARN_INT_CONVERSION = YES;
				CLANG_WARN_NON_LITERAL_NULL_CONVERSION = YES;
				CLANG_WARN_OBJC_IMPLICIT_RETAIN_CYCLE = YES;
				CLANG_WARN_OBJC_LITERAL_CONVERSION = YES;
				CLANG_WARN_OBJC_ROOT_CLASS = YES_ERROR;
				CLANG_WARN_QUOTED_INCLUDE_IN_FRAMEWORK_HEADER = YES;
				CLANG_WARN_RANGE_LOOP_ANALYSIS = YES;
				CLANG_WARN_STRICT_PROTOTYPES = YES;
				CLANG_WARN_SUSPICIOUS_MOVE = YES;
				CLANG_WARN_UNGUARDED_AVAILABILITY = YES_AGGRESSIVE;
				CLANG_WARN_UNREACHABLE_CODE = YES;
				CLANG_WARN__DUPLICATE_METHOD_MATCH = YES;
				COPY_PHASE_STRIP = NO;
				DEBUG_INFORMATION_FORMAT = dwarf;
				ENABLE_STRICT_OBJC_MSGSEND = YES;
				ENABLE_TESTABILITY = YES;
				GCC_C_LANGUAGE_STANDARD = gnu11;
				GCC_DYNAMIC_NO_PIC = NO;
				GCC_NO_COMMON_BLOCKS = YES;
				GCC_OPTIMIZATION_LEVEL = 0;
				GCC_PREPROCESSOR_DEFINITIONS = (
					"DEBUG=1",
					"$(inherited)",
				);
				GCC_WARN_64_TO_32_BIT_CONVERSION = YES;
				GCC_WARN_ABOUT_RETURN_TYPE = YES_ERROR;
				GCC_WARN_UNDECLARED_SELECTOR = YES;
				GCC_WARN_UNINITIALIZED_AUTOS = YES_AGGRESSIVE;
				GCC_WARN_UNUSED_FUNCTION = YES;
				GCC_WARN_UNUSED_VARIABLE = YES;
				MACOSX_DEPLOYMENT_TARGET = 13.0;
				MTL_ENABLE_DEBUG_INFO = INCLUDE_SOURCE;
				MTL_FAST_MATH = YES;
				ONLY_ACTIVE_ARCH = YES;
				SDKROOT = macosx;
				SWIFT_ACTIVE_COMPILATION_CONDITIONS = DEBUG;
				SWIFT_OPTIMIZATION_LEVEL = "-Onone";
			};
			name = Debug;
		};
		DD000000000000003 /* Release */ = {
			isa = XCBuildConfiguration;
			buildSettings = {
				ALWAYS_SEARCH_USER_PATHS = NO;
				CLANG_ANALYZER_NONNULL = YES;
				CLANG_ANALYZER_NUMBER_OBJECT_CONVERSION = YES_AGGRESSIVE;
				CLANG_CXX_LANGUAGE_STANDARD = "gnu++20";
				CLANG_ENABLE_MODULES = YES;
				CLANG_ENABLE_OBJC_ARC = YES;
				CLANG_ENABLE_OBJC_WEAK = YES;
				COPY_PHASE_STRIP = NO;
				DEBUG_INFORMATION_FORMAT = "dwarf-with-dsym";
				ENABLE_NS_ASSERTIONS = NO;
				ENABLE_STRICT_OBJC_MSGSEND = YES;
				GCC_C_LANGUAGE_STANDARD = gnu11;
				GCC_NO_COMMON_BLOCKS = YES;
				GCC_WARN_64_TO_32_BIT_CONVERSION = YES;
				GCC_WARN_ABOUT_RETURN_TYPE = YES_ERROR;
				GCC_WARN_UNDECLARED_SELECTOR = YES;
				GCC_WARN_UNINITIALIZED_AUTOS = YES_AGGRESSIVE;
				GCC_WARN_UNUSED_FUNCTION = YES;
				GCC_WARN_UNUSED_VARIABLE = YES;
				MACOSX_DEPLOYMENT_TARGET = 13.0;
				MTL_FAST_MATH = YES;
				SDKROOT = macosx;
				SWIFT_COMPILATION_MODE = wholemodule;
				SWIFT_OPTIMIZATION_LEVEL = "-O";
			};
			name = Release;
		};
		DD000000000000004 /* Debug - Target */ = {
			isa = XCBuildConfiguration;
			buildSettings = {
				ASSETCATALOG_COMPILER_APPICON_NAME = AppIcon;
				CODE_SIGN_ENTITLEMENTS = NetflixMac/Netflix.entitlements;
				CODE_SIGN_STYLE = Automatic;
				COMBINE_HIDPI_IMAGES = YES;
				CURRENT_PROJECT_VERSION = 1;
				DEVELOPMENT_TEAM = "";
				ENABLE_HARDENED_RUNTIME = YES;
				GENERATE_INFOPLIST_FILE = NO;
				INFOPLIST_FILE = NetflixMac/Resources/Info.plist;
				LD_RUNPATH_SEARCH_PATHS = (
					"$(inherited)",
					"@executable_path/../Frameworks",
				);
				MACOSX_DEPLOYMENT_TARGET = 13.0;
				MARKETING_VERSION = 1.3.4;
				PRODUCT_BUNDLE_IDENTIFIER = com.personal.Netflix;
				PRODUCT_NAME = "$(TARGET_NAME)";
				SDKROOT = macosx;
				SWIFT_EMIT_LOC_STRINGS = YES;
				SWIFT_VERSION = 5.9;
				VALID_ARCHS = "arm64 x86_64";
			};
			name = Debug;
		};
		DD000000000000005 /* Release - Target */ = {
			isa = XCBuildConfiguration;
			buildSettings = {
				ASSETCATALOG_COMPILER_APPICON_NAME = AppIcon;
				CODE_SIGN_ENTITLEMENTS = NetflixMac/Netflix.entitlements;
				CODE_SIGN_STYLE = Automatic;
				COMBINE_HIDPI_IMAGES = YES;
				CURRENT_PROJECT_VERSION = 1;
				DEVELOPMENT_TEAM = "";
				ENABLE_HARDENED_RUNTIME = YES;
				GENERATE_INFOPLIST_FILE = NO;
				INFOPLIST_FILE = NetflixMac/Resources/Info.plist;
				LD_RUNPATH_SEARCH_PATHS = (
					"$(inherited)",
					"@executable_path/../Frameworks",
				);
				MACOSX_DEPLOYMENT_TARGET = 13.0;
				MARKETING_VERSION = 1.3.4;
				PRODUCT_BUNDLE_IDENTIFIER = com.personal.Netflix;
				PRODUCT_NAME = "$(TARGET_NAME)";
				SDKROOT = macosx;
				SWIFT_EMIT_LOC_STRINGS = YES;
				SWIFT_VERSION = 5.9;
				VALID_ARCHS = "arm64 x86_64";
			};
			name = Release;
		};
/* End XCBuildConfiguration section */

/* Begin XCConfigurationList section */
		EE000000000000002 /* Build configuration list for PBXProject "Netflix" */ = {
			isa = XCConfigurationList;
			buildConfigurations = (
				DD000000000000002 /* Debug */,
				DD000000000000003 /* Release */,
			);
			defaultConfigurationIsVisible = 0;
			defaultConfigurationName = Release;
		};
		EE000000000000003 /* Build configuration list for PBXNativeTarget "Netflix" */ = {
			isa = XCConfigurationList;
			buildConfigurations = (
				DD000000000000004 /* Debug */,
				DD000000000000005 /* Release */,
			);
			defaultConfigurationIsVisible = 0;
			defaultConfigurationName = Release;
		};
/* End XCConfigurationList section */

	};
	rootObject = EE000000000000001 /* Project object */;
}
